# THIS IS AN AUTOGENERATED FILE. DO NOT EDIT THIS FILE DIRECTLY.
# yarn lockfile v1


"@ngrx/effects@^10.1.0":
  version "10.1.0"
  resolved "https://registry.yarnpkg.com/@ngrx/effects/-/effects-10.1.0.tgz#14efeb684e1e4a005a40357812c1fdd3aabb8489"
  integrity sha512-KQfEZAgTu317/xLc2WL/Qqf/DAEsBBCZNcMubSiuOZr7Sja/syW8tdOfm+jtAOYt4ORg8XX0W8aI54bxyliFDA==
  dependencies:
    tslib "^2.0.0"

"@ngrx/store@^10.1.0":
  version "10.1.0"
  resolved "https://registry.yarnpkg.com/@ngrx/store/-/store-10.1.0.tgz#379aa38543fffd3e41ca8622434a171fe70ed6f8"
  integrity sha512-CBr9Jxd7Q4KYKNXuyhhd+AW2wzuScpH0aPdkbe7+PZOaUNTeBwGbrlmAr5L4FIJarmk4y0hZJH2o/gxRnp9mpQ==
  dependencies:
    tslib "^2.0.0"

tslib@^2.0.0:
  version "2.0.3"
  resolved "https://registry.yarnpkg.com/tslib/-/tslib-2.0.3.tgz#8e0741ac45fc0c226e58a17bfc3e64b9bc6ca61c"
  integrity sha512-uZtkfKblCEQtZKBF6EBXVZeQNl82yqtDQdv+eck8u7tdPxjLu2/lp5/uPW+um2tpuxINHWy3GhiccY7QgEaVHQ==
